
Microsoft Visual Studio Solution File, Format Version 12.00
# Visual Studio Version 16
VisualStudioVersion = 25.0.1705.5
MinimumVisualStudioVersion = 10.0.40219.1
Project("{FAE04EC0-301F-11D3-BF4B-00C04F79EFBC}") = "XJ3UMD", "XJ3UMD.csproj", "{7DF22C1A-F4BF-4374-BA05-C5B6A877C67A}"
EndProject
Global
	GlobalSection(SolutionConfigurationPlatforms) = preSolution
		Debug|Any CPU = Debug|Any CPU
		Release|Any CPU = Release|Any CPU
	EndGlobalSection
	GlobalSection(ProjectConfigurationPlatforms) = postSolution
		{7DF22C1A-F4BF-4374-BA05-C5B6A877C67A}.Debug|Any CPU.ActiveCfg = Debug|Any CPU
		{7DF22C1A-F4BF-4374-BA05-C5B6A877C67A}.Debug|Any CPU.Build.0 = Debug|Any CPU
		{7DF22C1A-F4BF-4374-BA05-C5B6A877C67A}.Release|Any CPU.ActiveCfg = Release|Any CPU
		{7DF22C1A-F4BF-4374-BA05-C5B6A877C67A}.Release|Any CPU.Build.0 = Release|Any CPU
	EndGlobalSection
	GlobalSection(SolutionProperties) = preSolution
		HideSolutionNode = FALSE
	EndGlobalSection
	GlobalSection(ExtensibilityGlobals) = postSolution
		SolutionGuid = {397A285B-E3BA-4B5C-BFE3-E0E796046529}
	EndGlobalSection
EndGlobal
